# This file is autogenerated, do not edit; changes may be undone by the next 'dep ensure'.


[[projects]]
  digest = "1:54dac8f305ba8b64cfe001ee5022734f21f2fc8c78ff2477d8cebbf39823239d"
  name = "periph.io/x/periph"
  packages = [
    "conn",
    "conn/conntest",
    "conn/gpio",
    "conn/i2c",
    "conn/i2c/i2ctest",
    "conn/pin",
    "devices",
  ]
  pruneopts = ""
  revision = "c0de80b1b075a2019fced09524f2318cf690a685"
  version = "v2.3.0"

[solve-meta]
  analyzer-name = "dep"
  analyzer-version = 1
  input-imports = [
    "periph.io/x/periph/conn",
    "periph.io/x/periph/conn/i2c",
    "periph.io/x/periph/conn/i2c/i2ctest",
    "periph.io/x/periph/devices",
  ]
  solver-name = "gps-cdcl"
  solver-version = 1
